
Microsoft Visual Studio Solution File, Format Version 12.00
# Visual Studio Version 17
VisualStudioVersion = 17.13.35825.156 d17.13
MinimumVisualStudioVersion = 10.0.40219.1
Project("{FAE04EC0-301F-11D3-BF4B-00C04F79EFBC}") = "BulkyWeb", "BulkyWeb\BulkyWeb.csproj", "{91A02A06-0736-4BB4-8DE2-28AEEE5B146E}"
EndProject
Global
	GlobalSection(SolutionConfigurationPlatforms) = preSolution
		Debug|Any CPU = Debug|Any CPU
		Release|Any CPU = Release|Any CPU
	EndGlobalSection
	GlobalSection(ProjectConfigurationPlatforms) = postSolution
		{91A02A06-0736-4BB4-8DE2-28AEEE5B146E}.Debug|Any CPU.ActiveCfg = Debug|Any CPU
		{91A02A06-0736-4BB4-8DE2-28AEEE5B146E}.Debug|Any CPU.Build.0 = Debug|Any CPU
		{91A02A06-0736-4BB4-8DE2-28AEEE5B146E}.Release|Any CPU.ActiveCfg = Release|Any CPU
		{91A02A06-0736-4BB4-8DE2-28AEEE5B146E}.Release|Any CPU.Build.0 = Release|Any CPU
	EndGlobalSection
	GlobalSection(SolutionProperties) = preSolution
		HideSolutionNode = FALSE
	EndGlobalSection
	GlobalSection(ExtensibilityGlobals) = postSolution
		SolutionGuid = {975A561F-B27C-4ED2-928B-74394B35E136}
	EndGlobalSection
EndGlobal
